// !$*UTF8*$!
{
	archiveVersion = 1;
	classes = {
	};
	objectVersion = 56;
	objects = {

/* Begin PBXBuildFile section */
		A3660A6B2A840FBB005BA591 /* ExtentionView.swift in Sources */ = {isa = PBXBuildFile; fileRef = A3660A6A2A840FBB005BA591 /* ExtentionView.swift */; };
		A392CBB62A73A6970052D768 /* Bottomsheet.swift in Sources */ = {isa = PBXBuildFile; fileRef = A392CBB52A73A6970052D768 /* Bottomsheet.swift */; };
		A3A5D17F2A72A84A00A8957A /* Image.swift in Sources */ = {isa = PBXBuildFile; fileRef = A3A5D17E2A72A84A00A8957A /* Image.swift */; };
		A3E88EF22A71FE3A002FAAEB /* swiftsocApp.swift in Sources */ = {isa = PBXBuildFile; fileRef = A3E88EF12A71FE3A002FAAEB /* swiftsocApp.swift */; };
		A3E88EF42A71FE3A002FAAEB /* ContentView.swift in Sources */ = {isa = PBXBuildFile; fileRef = A3E88EF32A71FE3A002FAAEB /* ContentView.swift */; };
		A3E88EF62A71FE40002FAAEB /* Assets.xcassets in Resources */ = {isa = PBXBuildFile; fileRef = A3E88EF52A71FE40002FAAEB /* Assets.xcassets */; };
		A3E88EF92A71FE40002FAAEB /* Preview Assets.xcassets in Resources */ = {isa = PBXBuildFile; fileRef = A3E88EF82A71FE40002FAAEB /* Preview Assets.xcassets */; };
		A3E88F012A71FFE1002FAAEB /* Home.swift in Sources */ = {isa = PBXBuildFile; fileRef = A3E88F002A71FFE1002FAAEB /* Home.swift */; };
		A3E88F032A71FFEC002FAAEB /* Map.swift in Sources */ = {isa = PBXBuildFile; fileRef = A3E88F022A71FFEC002FAAEB /* Map.swift */; };
		A3E88F052A71FFF7002FAAEB /* Create.swift in Sources */ = {isa = PBXBuildFile; fileRef = A3E88F042A71FFF7002FAAEB /* Create.swift */; };
		A3E88F072A720008002FAAEB /* Profile.swift in Sources */ = {isa = PBXBuildFile; fileRef = A3E88F062A720008002FAAEB /* Profile.swift */; };
		A3E88F092A720013002FAAEB /* Likes.swift in Sources */ = {isa = PBXBuildFile; fileRef = A3E88F082A720013002FAAEB /* Likes.swift */; };
		A3E88F0C2A720E1D002FAAEB /* Model.swift in Sources */ = {isa = PBXBuildFile; fileRef = A3E88F0B2A720E1D002FAAEB /* Model.swift */; };
		A3E88F0F2A720E3F002FAAEB /* Services.swift in Sources */ = {isa = PBXBuildFile; fileRef = A3E88F0E2A720E3F002FAAEB /* Services.swift */; };
/* End PBXBuildFile section */

/* Begin PBXFileReference section */
		A3660A6A2A840FBB005BA591 /* ExtentionView.swift */ = {isa = PBXFileReference; lastKnownFileType = sourcecode.swift; path = ExtentionView.swift; sourceTree = "<group>"; };
		A392CBB52A73A6970052D768 /* Bottomsheet.swift */ = {isa = PBXFileReference; lastKnownFileType = sourcecode.swift; path = Bottomsheet.swift; sourceTree = "<group>"; };
		A3A5D17E2A72A84A00A8957A /* Image.swift */ = {isa = PBXFileReference; lastKnownFileType = sourcecode.swift; path = Image.swift; sourceTree = "<group>"; };
		A3E88EEE2A71FE3A002FAAEB /* swiftsoc.app */ = {isa = PBXFileReference; explicitFileType = wrapper.application; includeInIndex = 0; path = swiftsoc.app; sourceTree = BUILT_PRODUCTS_DIR; };
		A3E88EF12A71FE3A002FAAEB /* swiftsocApp.swift */ = {isa = PBXFileReference; lastKnownFileType = sourcecode.swift; path = swiftsocApp.swift; sourceTree = "<group>"; };
		A3E88EF32A71FE3A002FAAEB /* ContentView.swift */ = {isa = PBXFileReference; lastKnownFileType = sourcecode.swift; path = ContentView.swift; sourceTree = "<group>"; };
		A3E88EF52A71FE40002FAAEB /* Assets.xcassets */ = {isa = PBXFileReference; lastKnownFileType = folder.assetcatalog; path = Assets.xcassets; sourceTree = "<group>"; };
		A3E88EF82A71FE40002FAAEB /* Preview Assets.xcassets */ = {isa = PBXFileReference; lastKnownFileType = folder.assetcatalog; path = "Preview Assets.xcassets"; sourceTree = "<group>"; };
		A3E88F002A71FFE1002FAAEB /* Home.swift */ = {isa = PBXFileReference; lastKnownFileType = sourcecode.swift; path = Home.swift; sourceTree = "<group>"; };
		A3E88F022A71FFEC002FAAEB /* Map.swift */ = {isa = PBXFileReference; lastKnownFileType = sourcecode.swift; path = Map.swift; sourceTree = "<group>"; };
		A3E88F042A71FFF7002FAAEB /* Create.swift */ = {isa = PBXFileReference; lastKnownFileType = sourcecode.swift; path = Create.swift; sourceTree = "<group>"; };
		A3E88F062A720008002FAAEB /* Profile.swift */ = {isa = PBXFileReference; lastKnownFileType = sourcecode.swift; path = Profile.swift; sourceTree = "<group>"; };
		A3E88F082A720013002FAAEB /* Likes.swift */ = {isa = PBXFileReference; lastKnownFileType = sourcecode.swift; path = Likes.swift; sourceTree = "<group>"; };
		A3E88F0B2A720E1D002FAAEB /* Model.swift */ = {isa = PBXFileReference; lastKnownFileType = sourcecode.swift; path = Model.swift; sourceTree = "<group>"; };
		A3E88F0E2A720E3F002FAAEB /* Services.swift */ = {isa = PBXFileReference; lastKnownFileType = sourcecode.swift; path = Services.swift; sourceTree = "<group>"; };
/* End PBXFileReference section */

/* Begin PBXFrameworksBuildPhase section */
		A3E88EEB2A71FE3A002FAAEB /* Frameworks */ = {
			isa = PBXFrameworksBuildPhase;
			buildActionMask = 2147483647;
			files = (
			);
			runOnlyForDeploymentPostprocessing = 0;
		};
/* End PBXFrameworksBuildPhase section */

/* Begin PBXGroup section */
		A3A5D17D2A72A83C00A8957A /* Utils */ = {
			isa = PBXGroup;
			children = (
				A3A5D17E2A72A84A00A8957A /* Image.swift */,
				A392CBB52A73A6970052D768 /* Bottomsheet.swift */,
				A3660A6A2A840FBB005BA591 /* ExtentionView.swift */,
			);
			path = Utils;
			sourceTree = "<group>";
		};
		A3E88EE52A71FE3A002FAAEB = {
			isa = PBXGroup;
			children = (
				A3E88EF02A71FE3A002FAAEB /* swiftsoc */,
				A3E88EEF2A71FE3A002FAAEB /* Products */,
			);
			sourceTree = "<group>";
		};
		A3E88EEF2A71FE3A002FAAEB /* Products */ = {
			isa = PBXGroup;
			children = (
				A3E88EEE2A71FE3A002FAAEB /* swiftsoc.app */,
			);
			name = Products;
			sourceTree = "<group>";
		};
		A3E88EF02A71FE3A002FAAEB /* swiftsoc */ = {
			isa = PBXGroup;
			children = (
				A3A5D17D2A72A83C00A8957A /* Utils */,
				A3E88F0D2A720E23002FAAEB /* Web Service */,
				A3E88F0A2A720E0F002FAAEB /* Model */,
				A3E88EFF2A71FFBF002FAAEB /* View */,
				A3E88EF12A71FE3A002FAAEB /* swiftsocApp.swift */,
				A3E88EF32A71FE3A002FAAEB /* ContentView.swift */,
				A3E88EF52A71FE40002FAAEB /* Assets.xcassets */,
				A3E88EF72A71FE40002FAAEB /* Preview Content */,
			);
			path = swiftsoc;
			sourceTree = "<group>";
		};
		A3E88EF72A71FE40002FAAEB /* Preview Content */ = {
			isa = PBXGroup;
			children = (
				A3E88EF82A71FE40002FAAEB /* Preview Assets.xcassets */,
			);
			path = "Preview Content";
			sourceTree = "<group>";
		};
		A3E88EFF2A71FFBF002FAAEB /* View */ = {
			isa = PBXGroup;
			children = (
				A3E88F002A71FFE1002FAAEB /* Home.swift */,
				A3E88F022A71FFEC002FAAEB /* Map.swift */,
				A3E88F042A71FFF7002FAAEB /* Create.swift */,
				A3E88F062A720008002FAAEB /* Profile.swift */,
				A3E88F082A720013002FAAEB /* Likes.swift */,
			);
			path = View;
			sourceTree = "<group>";
		};
		A3E88F0A2A720E0F002FAAEB /* Model */ = {
			isa = PBXGroup;
			children = (
				A3E88F0B2A720E1D002FAAEB /* Model.swift */,
			);
			path = Model;
			sourceTree = "<group>";
		};
		A3E88F0D2A720E23002FAAEB /* Web Service */ = {
			isa = PBXGroup;
			children = (
				A3E88F0E2A720E3F002FAAEB /* Services.swift */,
			);
			path = "Web Service";
			sourceTree = "<group>";
		};
/* End PBXGroup section */

/* Begin PBXNativeTarget section */
		A3E88EED2A71FE3A002FAAEB /* swiftsoc */ = {
			isa = PBXNativeTarget;
			buildConfigurationList = A3E88EFC2A71FE40002FAAEB /* Build configuration list for PBXNativeTarget "swiftsoc" */;
			buildPhases = (
				A3E88EEA2A71FE3A002FAAEB /* Sources */,
				A3E88EEB2A71FE3A002FAAEB /* Frameworks */,
				A3E88EEC2A71FE3A002FAAEB /* Resources */,
			);
			buildRules = (
			);
			dependencies = (
			);
			name = swiftsoc;
			productName = swiftsoc;
			productReference = A3E88EEE2A71FE3A002FAAEB /* swiftsoc.app */;
			productType = "com.apple.product-type.application";
		};
/* End PBXNativeTarget section */

/* Begin PBXProject section */
		A3E88EE62A71FE3A002FAAEB /* Project object */ = {
			isa = PBXProject;
			attributes = {
				BuildIndependentTargetsInParallel = 1;
				LastSwiftUpdateCheck = 1410;
				LastUpgradeCheck = 1410;
				TargetAttributes = {
					A3E88EED2A71FE3A002FAAEB = {
						CreatedOnToolsVersion = 14.1;
					};
				};
			};
			buildConfigurationList = A3E88EE92A71FE3A002FAAEB /* Build configuration list for PBXProject "swiftsoc" */;
			compatibilityVersion = "Xcode 14.0";
			developmentRegion = en;
			hasScannedForEncodings = 0;
			knownRegions = (
				en,
				Base,
			);
			mainGroup = A3E88EE52A71FE3A002FAAEB;
			productRefGroup = A3E88EEF2A71FE3A002FAAEB /* Products */;
			projectDirPath = "";
			projectRoot = "";
			targets = (
				A3E88EED2A71FE3A002FAAEB /* swiftsoc */,
			);
		};
/* End PBXProject section */

/* Begin PBXResourcesBuildPhase section */
		A3E88EEC2A71FE3A002FAAEB /* Resources */ = {
			isa = PBXResourcesBuildPhase;
			buildActionMask = 2147483647;
			files = (
				A3E88EF92A71FE40002FAAEB /* Preview Assets.xcassets in Resources */,
				A3E88EF62A71FE40002FAAEB /* Assets.xcassets in Resources */,
			);
			runOnlyForDeploymentPostprocessing = 0;
		};
/* End PBXResourcesBuildPhase section */

/* Begin PBXSourcesBuildPhase section */
		A3E88EEA2A71FE3A002FAAEB /* Sources */ = {
			isa = PBXSourcesBuildPhase;
			buildActionMask = 2147483647;
			files = (
				A3E88EF42A71FE3A002FAAEB /* ContentView.swift in Sources */,
				A3E88F072A720008002FAAEB /* Profile.swift in Sources */,
				A3E88F012A71FFE1002FAAEB /* Home.swift in Sources */,
				A392CBB62A73A6970052D768 /* Bottomsheet.swift in Sources */,
				A3E88F032A71FFEC002FAAEB /* Map.swift in Sources */,
				A3E88EF22A71FE3A002FAAEB /* swiftsocApp.swift in Sources */,
				A3E88F052A71FFF7002FAAEB /* Create.swift in Sources */,
				A3660A6B2A840FBB005BA591 /* ExtentionView.swift in Sources */,
				A3E88F092A720013002FAAEB /* Likes.swift in Sources */,
				A3E88F0F2A720E3F002FAAEB /* Services.swift in Sources */,
				A3E88F0C2A720E1D002FAAEB /* Model.swift in Sources */,
				A3A5D17F2A72A84A00A8957A /* Image.swift in Sources */,
			);
			runOnlyForDeploymentPostprocessing = 0;
		};
/* End PBXSourcesBuildPhase section */

/* Begin XCBuildConfiguration section */
		A3E88EFA2A71FE40002FAAEB /* Debug */ = {
			isa = XCBuildConfiguration;
			buildSettings = {
				ALWAYS_SEARCH_USER_PATHS = NO;
				CLANG_ANALYZER_NONNULL = YES;
				CLANG_ANALYZER_NUMBER_OBJECT_CONVERSION = YES_AGGRESSIVE;
				CLANG_CXX_LANGUAGE_STANDARD = "gnu++20";
				CLANG_ENABLE_MODULES = YES;
				CLANG_ENABLE_OBJC_ARC = YES;
				CLANG_ENABLE_OBJC_WEAK = YES;
				CLANG_WARN_BLOCK_CAPTURE_AUTORELEASING = YES;
				CLANG_WARN_BOOL_CONVERSION = YES;
				CLANG_WARN_COMMA = YES;
				CLANG_WARN_CONSTANT_CONVERSION = YES;
				CLANG_WARN_DEPRECATED_OBJC_IMPLEMENTATIONS = YES;
				CLANG_WARN_DIRECT_OBJC_ISA_USAGE = YES_ERROR;
				CLANG_WARN_DOCUMENTATION_COMMENTS = YES;
				CLANG_WARN_EMPTY_BODY = YES;
				CLANG_WARN_ENUM_CONVERSION = YES;
				CLANG_WARN_INFINITE_RECURSION = YES;
				CLANG_WARN_INT_CONVERSION = YES;
				CLANG_WARN_NON_LITERAL_NULL_CONVERSION = YES;
				CLANG_WARN_OBJC_IMPLICIT_RETAIN_SELF = YES;
				CLANG_WARN_OBJC_LITERAL_CONVERSION = YES;
				CLANG_WARN_OBJC_ROOT_CLASS = YES_ERROR;
				CLANG_WARN_QUOTED_INCLUDE_IN_FRAMEWORK_HEADER = YES;
				CLANG_WARN_RANGE_LOOP_ANALYSIS = YES;
				CLANG_WARN_STRICT_PROTOTYPES = YES;
				CLANG_WARN_SUSPICIOUS_MOVE = YES;
				CLANG_WARN_UNGUARDED_AVAILABILITY = YES_AGGRESSIVE;
				CLANG_WARN_UNREACHABLE_CODE = YES;
				CLANG_WARN__DUPLICATE_METHOD_MATCH = YES;
				COPY_PHASE_STRIP = NO;
				DEBUG_INFORMATION_FORMAT = dwarf;
				ENABLE_STRICT_OBJC_MSGSEND = YES;
				ENABLE_TESTABILITY = YES;
				GCC_C_LANGUAGE_STANDARD = gnu11;
				GCC_DYNAMIC_NO_PIC = NO;
				GCC_NO_COMMON_BLOCKS = YES;
				GCC_OPTIMIZATION_LEVEL = 0;
				GCC_PREPROCESSOR_DEFINITIONS = (
					"DEBUG=1",
					"$(inherited)",
				);
				GCC_WARN_64_TO_32_BIT_CONVERSION = YES;
				GCC_WARN_ABOUT_RETURN_TYPE = YES_ERROR;
				GCC_WARN_UNDECLARED_SELECTOR = YES;
				GCC_WARN_UNINITIALIZED_AUTOS = YES_AGGRESSIVE;
				GCC_WARN_UNUSED_FUNCTION = YES;
				GCC_WARN_UNUSED_VARIABLE = YES;
				IPHONEOS_DEPLOYMENT_TARGET = 16.1;
				MTL_ENABLE_DEBUG_INFO = INCLUDE_SOURCE;
				MTL_FAST_MATH = YES;
				ONLY_ACTIVE_ARCH = YES;
				SDKROOT = iphoneos;
				SWIFT_ACTIVE_COMPILATION_CONDITIONS = DEBUG;
				SWIFT_OPTIMIZATION_LEVEL = "-Onone";
			};
			name = Debug;
		};
		A3E88EFB2A71FE40002FAAEB /* Release */ = {
			isa = XCBuildConfiguration;
			buildSettings = {
				ALWAYS_SEARCH_USER_PATHS = NO;
				CLANG_ANALYZER_NONNULL = YES;
				CLANG_ANALYZER_NUMBER_OBJECT_CONVERSION = YES_AGGRESSIVE;
				CLANG_CXX_LANGUAGE_STANDARD = "gnu++20";
				CLANG_ENABLE_MODULES = YES;
				CLANG_ENABLE_OBJC_ARC = YES;
				CLANG_ENABLE_OBJC_WEAK = YES;
				CLANG_WARN_BLOCK_CAPTURE_AUTORELEASING = YES;
				CLANG_WARN_BOOL_CONVERSION = YES;
				CLANG_WARN_COMMA = YES;
				CLANG_WARN_CONSTANT_CONVERSION = YES;
				CLANG_WARN_DEPRECATED_OBJC_IMPLEMENTATIONS = YES;
				CLANG_WARN_DIRECT_OBJC_ISA_USAGE = YES_ERROR;
				CLANG_WARN_DOCUMENTATION_COMMENTS = YES;
				CLANG_WARN_EMPTY_BODY = YES;
				CLANG_WARN_ENUM_CONVERSION = YES;
				CLANG_WARN_INFINITE_RECURSION = YES;
				CLANG_WARN_INT_CONVERSION = YES;
				CLANG_WARN_NON_LITERAL_NULL_CONVERSION = YES;
				CLANG_WARN_OBJC_IMPLICIT_RETAIN_SELF = YES;
				CLANG_WARN_OBJC_LITERAL_CONVERSION = YES;
				CLANG_WARN_OBJC_ROOT_CLASS = YES_ERROR;
				CLANG_WARN_QUOTED_INCLUDE_IN_FRAMEWORK_HEADER = YES;
				CLANG_WARN_RANGE_LOOP_ANALYSIS = YES;
				CLANG_WARN_STRICT_PROTOTYPES = YES;
				CLANG_WARN_SUSPICIOUS_MOVE = YES;
				CLANG_WARN_UNGUARDED_AVAILABILITY = YES_AGGRESSIVE;
				CLANG_WARN_UNREACHABLE_CODE = YES;
				CLANG_WARN__DUPLICATE_METHOD_MATCH = YES;
				COPY_PHASE_STRIP = NO;
				DEBUG_INFORMATION_FORMAT = "dwarf-with-dsym";
				ENABLE_NS_ASSERTIONS = NO;
				ENABLE_STRICT_OBJC_MSGSEND = YES;
				GCC_C_LANGUAGE_STANDARD = gnu11;
				GCC_NO_COMMON_BLOCKS = YES;
				GCC_WARN_64_TO_32_BIT_CONVERSION = YES;
				GCC_WARN_ABOUT_RETURN_TYPE = YES_ERROR;
				GCC_WARN_UNDECLARED_SELECTOR = YES;
				GCC_WARN_UNINITIALIZED_AUTOS = YES_AGGRESSIVE;
				GCC_WARN_UNUSED_FUNCTION = YES;
				GCC_WARN_UNUSED_VARIABLE = YES;
				IPHONEOS_DEPLOYMENT_TARGET = 16.1;
				MTL_ENABLE_DEBUG_INFO = NO;
				MTL_FAST_MATH = YES;
				SDKROOT = iphoneos;
				SWIFT_COMPILATION_MODE = wholemodule;
				SWIFT_OPTIMIZATION_LEVEL = "-O";
				VALIDATE_PRODUCT = YES;
			};
			name = Release;
		};
		A3E88EFD2A71FE40002FAAEB /* Debug */ = {
			isa = XCBuildConfiguration;
			buildSettings = {
				ASSETCATALOG_COMPILER_APPICON_NAME = AppIcon;
				ASSETCATALOG_COMPILER_GLOBAL_ACCENT_COLOR_NAME = AccentColor;
				CODE_SIGN_STYLE = Automatic;
				CURRENT_PROJECT_VERSION = 1;
				DEVELOPMENT_ASSET_PATHS = "\"swiftsoc/Preview Content\"";
				ENABLE_PREVIEWS = YES;
				GENERATE_INFOPLIST_FILE = YES;
				INFOPLIST_KEY_UIApplicationSceneManifest_Generation = YES;
				INFOPLIST_KEY_UIApplicationSupportsIndirectInputEvents = YES;
				INFOPLIST_KEY_UILaunchScreen_Generation = YES;
				INFOPLIST_KEY_UISupportedInterfaceOrientations_iPad = "UIInterfaceOrientationPortrait UIInterfaceOrientationPortraitUpsideDown UIInterfaceOrientationLandscapeLeft UIInterfaceOrientationLandscapeRight";
				INFOPLIST_KEY_UISupportedInterfaceOrientations_iPhone = "UIInterfaceOrientationPortrait UIInterfaceOrientationLandscapeLeft UIInterfaceOrientationLandscapeRight";
				LD_RUNPATH_SEARCH_PATHS = (
					"$(inherited)",
					"@executable_path/Frameworks",
				);
				MARKETING_VERSION = 1.0;
				PRODUCT_BUNDLE_IDENTIFIER = una.swiftsoc;
				PRODUCT_NAME = "$(TARGET_NAME)";
				SWIFT_EMIT_LOC_STRINGS = YES;
				SWIFT_VERSION = 5.0;
				TARGETED_DEVICE_FAMILY = "1,2";
			};
			name = Debug;
		};
		A3E88EFE2A71FE40002FAAEB /* Release */ = {
			isa = XCBuildConfiguration;
			buildSettings = {
				ASSETCATALOG_COMPILER_APPICON_NAME = AppIcon;
				ASSETCATALOG_COMPILER_GLOBAL_ACCENT_COLOR_NAME = AccentColor;
				CODE_SIGN_STYLE = Automatic;
				CURRENT_PROJECT_VERSION = 1;
				DEVELOPMENT_ASSET_PATHS = "\"swiftsoc/Preview Content\"";
				ENABLE_PREVIEWS = YES;
				GENERATE_INFOPLIST_FILE = YES;
				INFOPLIST_KEY_UIApplicationSceneManifest_Generation = YES;
				INFOPLIST_KEY_UIApplicationSupportsIndirectInputEvents = YES;
				INFOPLIST_KEY_UILaunchScreen_Generation = YES;
				INFOPLIST_KEY_UISupportedInterfaceOrientations_iPad = "UIInterfaceOrientationPortrait UIInterfaceOrientationPortraitUpsideDown UIInterfaceOrientationLandscapeLeft UIInterfaceOrientationLandscapeRight";
				INFOPLIST_KEY_UISupportedInterfaceOrientations_iPhone = "UIInterfaceOrientationPortrait UIInterfaceOrientationLandscapeLeft UIInterfaceOrientationLandscapeRight";
				LD_RUNPATH_SEARCH_PATHS = (
					"$(inherited)",
					"@executable_path/Frameworks",
				);
				MARKETING_VERSION = 1.0;
				PRODUCT_BUNDLE_IDENTIFIER = una.swiftsoc;
				PRODUCT_NAME = "$(TARGET_NAME)";
				SWIFT_EMIT_LOC_STRINGS = YES;
				SWIFT_VERSION = 5.0;
				TARGETED_DEVICE_FAMILY = "1,2";
			};
			name = Release;
		};
/* End XCBuildConfiguration section */

/* Begin XCConfigurationList section */
		A3E88EE92A71FE3A002FAAEB /* Build configuration list for PBXProject "swiftsoc" */ = {
			isa = XCConfigurationList;
			buildConfigurations = (
				A3E88EFA2A71FE40002FAAEB /* Debug */,
				A3E88EFB2A71FE40002FAAEB /* Release */,
			);
			defaultConfigurationIsVisible = 0;
			defaultConfigurationName = Release;
		};
		A3E88EFC2A71FE40002FAAEB /* Build configuration list for PBXNativeTarget "swiftsoc" */ = {
			isa = XCConfigurationList;
			buildConfigurations = (
				A3E88EFD2A71FE40002FAAEB /* Debug */,
				A3E88EFE2A71FE40002FAAEB /* Release */,
			);
			defaultConfigurationIsVisible = 0;
			defaultConfigurationName = Release;
		};
/* End XCConfigurationList section */
	};
	rootObject = A3E88EE62A71FE3A002FAAEB /* Project object */;
}
